%{"cowboy": {:hex, :cowboy, "1.0.0"},
  "cowlib": {:hex, :cowlib, "1.0.1"},
  "erlsha2": {:git, "https://github.com/vinoski/erlsha2.git", "03a653fb2aa93e79d8166fd0311d0f739afc26ed", []},
  "hackney": {:hex, :hackney, "0.14.3"},
  "httpoison": {:hex, :httpoison, "0.5.0"},
  "idna": {:hex, :idna, "1.0.1"},
  "mailgun": {:hex, :mailgun, "0.0.2"},
  "mochiweb": {:git, "https://github.com/mochi/mochiweb.git", "52ddb5d93d5509cfedfb7003d3601b98a4ac370f", []},
  "phoenix": {:git, "git://github.com/phoenixframework/phoenix.git", "c2bac8138b11065a5224cb79d2ef397e917f562c", []},
  "plug": {:hex, :plug, "0.10.0"},
  "poison": {:hex, :poison, "1.3.0"},
  "ranch": {:hex, :ranch, "1.0.0"},
  "twilio": {:git, "git://github.com/openhealthcare/twilio_erlang.git", "47daadba29d7ff95743172d6195a17186bb99fe3", []}}
